
Microsoft Visual Studio Solution File, Format Version 12.00
# Visual Studio Version 16
VisualStudioVersion = 16.0.30611.23
MinimumVisualStudioVersion = 10.0.40219.1
Project("{FAE04EC0-301F-11D3-BF4B-00C04F79EFBC}") = "dotNet5781_00_2033_0032", "dotNet5781_00_2033_0032\dotNet5781_00_2033_0032.csproj", "{71DC4BC1-6362-404E-823D-176DA4BAB850}"
EndProject
Project("{FAE04EC0-301F-11D3-BF4B-00C04F79EFBC}") = "dotNet5781_01_2033_0032", "dotNet5781_01_2033_0032\dotNet5781_01_2033_0032.csproj", "{78D607A1-84D0-4882-8B8A-626407CC3FA7}"
EndProject
Project("{FAE04EC0-301F-11D3-BF4B-00C04F79EFBC}") = "dotNet5781_02_2033_0032", "dotNet5781_02_2033_0032\dotNet5781_02_2033_0032.csproj", "{C9598955-9E7F-409E-9F4B-A787CE99E3F8}"
EndProject
Project("{FAE04EC0-301F-11D3-BF4B-00C04F79EFBC}") = "dotNet5781_03A_2033_0032", "dotNet5781_03A_2033_0032\dotNet5781_03A_2033_0032.csproj", "{FFAE0A45-0A5A-4CB6-B5BB-D82B7FFC2FC5}"
EndProject
Project("{FAE04EC0-301F-11D3-BF4B-00C04F79EFBC}") = "dotNet5781_03B_2033_0032", "dotNet5781_03B_2033_0032\dotNet5781_03B_2033_0032.csproj", "{B631B7A0-3598-435B-9305-722A72AD17B4}"
EndProject
Project("{2150E333-8FDC-42A3-9474-1A3956D46DE8}") = "Project", "Project", "{3E82F158-AA56-4F90-B345-3D1CB402B674}"
	ProjectSection(SolutionItems) = preProject
		dotNet5781_Project_2033_0032\bin\config.xml = dotNet5781_Project_2033_0032\bin\config.xml
	EndProjectSection
EndProject
Project("{FAE04EC0-301F-11D3-BF4B-00C04F79EFBC}") = "PlGui", "dotNet5781_Project_2033_0032\PlGui\PlGui.csproj", "{1A717E3C-518A-49CB-B852-FB8D58C71DF5}"
EndProject
Project("{FAE04EC0-301F-11D3-BF4B-00C04F79EFBC}") = "DS", "dotNet5781_Project_2033_0032\DS\DS.csproj", "{2E580AAD-71D8-47EB-BC43-FE358EB65BE4}"
EndProject
Project("{FAE04EC0-301F-11D3-BF4B-00C04F79EFBC}") = "DalXml", "dotNet5781_Project_2033_0032\DalXml\DalXml.csproj", "{58D597D4-12DD-46D7-AC90-DF9778FFD2E6}"
EndProject
Project("{FAE04EC0-301F-11D3-BF4B-00C04F79EFBC}") = "DalObject", "dotNet5781_Project_2033_0032\DalObject\DalObject.csproj", "{9786584C-7E2F-4E9A-B836-4C6BE0D38870}"
EndProject
Project("{FAE04EC0-301F-11D3-BF4B-00C04F79EFBC}") = "DalApi", "dotNet5781_Project_2033_0032\DalApi\DalApi.csproj", "{91C72A1E-A558-42DF-8B33-3A90DB1FDEDE}"
EndProject
Project("{FAE04EC0-301F-11D3-BF4B-00C04F79EFBC}") = "BL", "dotNet5781_Project_2033_0032\BL\BL.csproj", "{2B702C3E-20AC-45AB-B358-65E7F5FE4B5C}"
EndProject
Project("{2150E333-8FDC-42A3-9474-1A3956D46DE8}") = "bin", "bin", "{A3DE9F25-2A5E-4E78-98B5-79E98BAAD8EA}"
EndProject
Project("{2150E333-8FDC-42A3-9474-1A3956D46DE8}") = "XML", "XML", "{E47AB9B5-D0D3-48AC-B465-78F2FE6B437B}"
	ProjectSection(SolutionItems) = preProject
		dotNet5781_Project_2033_0032\bin\XML\AdjacentStationsXml.xml = dotNet5781_Project_2033_0032\bin\XML\AdjacentStationsXml.xml
		dotNet5781_Project_2033_0032\bin\XML\BusXml.xml = dotNet5781_Project_2033_0032\bin\XML\BusXml.xml
		dotNet5781_Project_2033_0032\bin\xml\CounterXML.xml = dotNet5781_Project_2033_0032\bin\xml\CounterXML.xml
		dotNet5781_Project_2033_0032\bin\XML\LineStationsXml.xml = dotNet5781_Project_2033_0032\bin\XML\LineStationsXml.xml
		dotNet5781_Project_2033_0032\bin\XML\LineTripXml.xml = dotNet5781_Project_2033_0032\bin\XML\LineTripXml.xml
		dotNet5781_Project_2033_0032\bin\XML\LineXml.xml = dotNet5781_Project_2033_0032\bin\XML\LineXml.xml
		dotNet5781_Project_2033_0032\bin\XML\StationXml.xml = dotNet5781_Project_2033_0032\bin\XML\StationXml.xml
		dotNet5781_Project_2033_0032\bin\xml\TripXml.xml = dotNet5781_Project_2033_0032\bin\xml\TripXml.xml
		dotNet5781_Project_2033_0032\bin\XML\UserhXml.xml = dotNet5781_Project_2033_0032\bin\XML\UserhXml.xml
	EndProjectSection
EndProject
Global
	GlobalSection(SolutionConfigurationPlatforms) = preSolution
		Debug|Any CPU = Debug|Any CPU
		Release|Any CPU = Release|Any CPU
	EndGlobalSection
	GlobalSection(ProjectConfigurationPlatforms) = postSolution
		{71DC4BC1-6362-404E-823D-176DA4BAB850}.Debug|Any CPU.ActiveCfg = Debug|Any CPU
		{71DC4BC1-6362-404E-823D-176DA4BAB850}.Debug|Any CPU.Build.0 = Debug|Any CPU
		{71DC4BC1-6362-404E-823D-176DA4BAB850}.Release|Any CPU.ActiveCfg = Release|Any CPU
		{71DC4BC1-6362-404E-823D-176DA4BAB850}.Release|Any CPU.Build.0 = Release|Any CPU
		{78D607A1-84D0-4882-8B8A-626407CC3FA7}.Debug|Any CPU.ActiveCfg = Debug|Any CPU
		{78D607A1-84D0-4882-8B8A-626407CC3FA7}.Debug|Any CPU.Build.0 = Debug|Any CPU
		{78D607A1-84D0-4882-8B8A-626407CC3FA7}.Release|Any CPU.ActiveCfg = Release|Any CPU
		{78D607A1-84D0-4882-8B8A-626407CC3FA7}.Release|Any CPU.Build.0 = Release|Any CPU
		{C9598955-9E7F-409E-9F4B-A787CE99E3F8}.Debug|Any CPU.ActiveCfg = Debug|Any CPU
		{C9598955-9E7F-409E-9F4B-A787CE99E3F8}.Debug|Any CPU.Build.0 = Debug|Any CPU
		{C9598955-9E7F-409E-9F4B-A787CE99E3F8}.Release|Any CPU.ActiveCfg = Release|Any CPU
		{C9598955-9E7F-409E-9F4B-A787CE99E3F8}.Release|Any CPU.Build.0 = Release|Any CPU
		{FFAE0A45-0A5A-4CB6-B5BB-D82B7FFC2FC5}.Debug|Any CPU.ActiveCfg = Debug|Any CPU
		{FFAE0A45-0A5A-4CB6-B5BB-D82B7FFC2FC5}.Debug|Any CPU.Build.0 = Debug|Any CPU
		{FFAE0A45-0A5A-4CB6-B5BB-D82B7FFC2FC5}.Release|Any CPU.ActiveCfg = Release|Any CPU
		{FFAE0A45-0A5A-4CB6-B5BB-D82B7FFC2FC5}.Release|Any CPU.Build.0 = Release|Any CPU
		{B631B7A0-3598-435B-9305-722A72AD17B4}.Debug|Any CPU.ActiveCfg = Debug|Any CPU
		{B631B7A0-3598-435B-9305-722A72AD17B4}.Debug|Any CPU.Build.0 = Debug|Any CPU
		{B631B7A0-3598-435B-9305-722A72AD17B4}.Release|Any CPU.ActiveCfg = Release|Any CPU
		{B631B7A0-3598-435B-9305-722A72AD17B4}.Release|Any CPU.Build.0 = Release|Any CPU
		{1A717E3C-518A-49CB-B852-FB8D58C71DF5}.Debug|Any CPU.ActiveCfg = Debug|Any CPU
		{1A717E3C-518A-49CB-B852-FB8D58C71DF5}.Debug|Any CPU.Build.0 = Debug|Any CPU
		{1A717E3C-518A-49CB-B852-FB8D58C71DF5}.Release|Any CPU.ActiveCfg = Release|Any CPU
		{1A717E3C-518A-49CB-B852-FB8D58C71DF5}.Release|Any CPU.Build.0 = Release|Any CPU
		{2E580AAD-71D8-47EB-BC43-FE358EB65BE4}.Debug|Any CPU.ActiveCfg = Debug|Any CPU
		{2E580AAD-71D8-47EB-BC43-FE358EB65BE4}.Debug|Any CPU.Build.0 = Debug|Any CPU
		{2E580AAD-71D8-47EB-BC43-FE358EB65BE4}.Release|Any CPU.ActiveCfg = Release|Any CPU
		{2E580AAD-71D8-47EB-BC43-FE358EB65BE4}.Release|Any CPU.Build.0 = Release|Any CPU
		{58D597D4-12DD-46D7-AC90-DF9778FFD2E6}.Debug|Any CPU.ActiveCfg = Debug|Any CPU
		{58D597D4-12DD-46D7-AC90-DF9778FFD2E6}.Debug|Any CPU.Build.0 = Debug|Any CPU
		{58D597D4-12DD-46D7-AC90-DF9778FFD2E6}.Release|Any CPU.ActiveCfg = Release|Any CPU
		{58D597D4-12DD-46D7-AC90-DF9778FFD2E6}.Release|Any CPU.Build.0 = Release|Any CPU
		{9786584C-7E2F-4E9A-B836-4C6BE0D38870}.Debug|Any CPU.ActiveCfg = Debug|Any CPU
		{9786584C-7E2F-4E9A-B836-4C6BE0D38870}.Debug|Any CPU.Build.0 = Debug|Any CPU
		{9786584C-7E2F-4E9A-B836-4C6BE0D38870}.Release|Any CPU.ActiveCfg = Release|Any CPU
		{9786584C-7E2F-4E9A-B836-4C6BE0D38870}.Release|Any CPU.Build.0 = Release|Any CPU
		{91C72A1E-A558-42DF-8B33-3A90DB1FDEDE}.Debug|Any CPU.ActiveCfg = Debug|Any CPU
		{91C72A1E-A558-42DF-8B33-3A90DB1FDEDE}.Debug|Any CPU.Build.0 = Debug|Any CPU
		{91C72A1E-A558-42DF-8B33-3A90DB1FDEDE}.Release|Any CPU.ActiveCfg = Release|Any CPU
		{91C72A1E-A558-42DF-8B33-3A90DB1FDEDE}.Release|Any CPU.Build.0 = Release|Any CPU
		{2B702C3E-20AC-45AB-B358-65E7F5FE4B5C}.Debug|Any CPU.ActiveCfg = Debug|Any CPU
		{2B702C3E-20AC-45AB-B358-65E7F5FE4B5C}.Debug|Any CPU.Build.0 = Debug|Any CPU
		{2B702C3E-20AC-45AB-B358-65E7F5FE4B5C}.Release|Any CPU.ActiveCfg = Release|Any CPU
		{2B702C3E-20AC-45AB-B358-65E7F5FE4B5C}.Release|Any CPU.Build.0 = Release|Any CPU
	EndGlobalSection
	GlobalSection(SolutionProperties) = preSolution
		HideSolutionNode = FALSE
	EndGlobalSection
	GlobalSection(NestedProjects) = preSolution
		{1A717E3C-518A-49CB-B852-FB8D58C71DF5} = {3E82F158-AA56-4F90-B345-3D1CB402B674}
		{2E580AAD-71D8-47EB-BC43-FE358EB65BE4} = {3E82F158-AA56-4F90-B345-3D1CB402B674}
		{58D597D4-12DD-46D7-AC90-DF9778FFD2E6} = {3E82F158-AA56-4F90-B345-3D1CB402B674}
		{9786584C-7E2F-4E9A-B836-4C6BE0D38870} = {3E82F158-AA56-4F90-B345-3D1CB402B674}
		{91C72A1E-A558-42DF-8B33-3A90DB1FDEDE} = {3E82F158-AA56-4F90-B345-3D1CB402B674}
		{2B702C3E-20AC-45AB-B358-65E7F5FE4B5C} = {3E82F158-AA56-4F90-B345-3D1CB402B674}
		{A3DE9F25-2A5E-4E78-98B5-79E98BAAD8EA} = {3E82F158-AA56-4F90-B345-3D1CB402B674}
		{E47AB9B5-D0D3-48AC-B465-78F2FE6B437B} = {A3DE9F25-2A5E-4E78-98B5-79E98BAAD8EA}
	EndGlobalSection
	GlobalSection(ExtensibilityGlobals) = postSolution
		SolutionGuid = {C5661313-90F7-44F6-911A-B8BE57DD7BDA}
	EndGlobalSection
EndGlobal
